
Microsoft Visual Studio Solution File, Format Version 12.00
Project("{FAE04EC0-301F-11D3-BF4B-00C04F79EFBC}") = "ToolkitResearch", "Source\ToolkitResearch.Core\ToolkitResearch.csproj", "{27ED4903-0149-4B6A-982F-0368E37E688B}"
EndProject
Project("{FAE04EC0-301F-11D3-BF4B-00C04F79EFBC}") = "ToolkitResearch.ToolkitPolls", "Source\ToolkitResearch.ToolkitPolls\ToolkitResearch.ToolkitPolls.csproj", "{92F96576-53B0-4A41-A7A6-F86477AF8FF2}"
EndProject
Global
	GlobalSection(SolutionConfigurationPlatforms) = preSolution
		1.2 release|Any CPU = 1.2 release|Any CPU
		1.2 debug|Any CPU = 1.2 debug|Any CPU
		1.3 debug|Any CPU = 1.3 debug|Any CPU
		1.3 release|Any CPU = 1.3 release|Any CPU
		1.4 release|Any CPU = 1.4 release|Any CPU
	EndGlobalSection
	GlobalSection(ProjectConfigurationPlatforms) = postSolution
		{27ED4903-0149-4B6A-982F-0368E37E688B}.1.2 release|Any CPU.ActiveCfg = 1.2 release|Any CPU
		{27ED4903-0149-4B6A-982F-0368E37E688B}.1.2 release|Any CPU.Build.0 = 1.2 release|Any CPU
		{27ED4903-0149-4B6A-982F-0368E37E688B}.1.2 debug|Any CPU.ActiveCfg = 1.2 debug|Any CPU
		{27ED4903-0149-4B6A-982F-0368E37E688B}.1.2 debug|Any CPU.Build.0 = 1.2 debug|Any CPU
		{27ED4903-0149-4B6A-982F-0368E37E688B}.1.3 debug|Any CPU.ActiveCfg = 1.3 debug|Any CPU
		{27ED4903-0149-4B6A-982F-0368E37E688B}.1.3 debug|Any CPU.Build.0 = 1.3 debug|Any CPU
		{27ED4903-0149-4B6A-982F-0368E37E688B}.1.3 release|Any CPU.ActiveCfg = 1.3 release|Any CPU
		{27ED4903-0149-4B6A-982F-0368E37E688B}.1.3 release|Any CPU.Build.0 = 1.3 release|Any CPU
		{27ED4903-0149-4B6A-982F-0368E37E688B}.1.4 release|Any CPU.ActiveCfg = 1.4 release|Any CPU
		{27ED4903-0149-4B6A-982F-0368E37E688B}.1.4 release|Any CPU.Build.0 = 1.4 release|Any CPU
		{92F96576-53B0-4A41-A7A6-F86477AF8FF2}.1.2 release|Any CPU.ActiveCfg = 1.2 release|Any CPU
		{92F96576-53B0-4A41-A7A6-F86477AF8FF2}.1.2 release|Any CPU.Build.0 = 1.2 release|Any CPU
		{92F96576-53B0-4A41-A7A6-F86477AF8FF2}.1.2 debug|Any CPU.ActiveCfg = 1.2 debug|Any CPU
		{92F96576-53B0-4A41-A7A6-F86477AF8FF2}.1.2 debug|Any CPU.Build.0 = 1.2 debug|Any CPU
		{92F96576-53B0-4A41-A7A6-F86477AF8FF2}.1.3 debug|Any CPU.ActiveCfg = 1.3 debug|Any CPU
		{92F96576-53B0-4A41-A7A6-F86477AF8FF2}.1.3 debug|Any CPU.Build.0 = 1.3 debug|Any CPU
		{92F96576-53B0-4A41-A7A6-F86477AF8FF2}.1.3 release|Any CPU.ActiveCfg = 1.3 release|Any CPU
		{92F96576-53B0-4A41-A7A6-F86477AF8FF2}.1.3 release|Any CPU.Build.0 = 1.3 release|Any CPU
		{92F96576-53B0-4A41-A7A6-F86477AF8FF2}.1.4 release|Any CPU.ActiveCfg = 1.4 release|Any CPU
		{92F96576-53B0-4A41-A7A6-F86477AF8FF2}.1.4 release|Any CPU.Build.0 = 1.4 release|Any CPU
	EndGlobalSection
EndGlobal
